// !$*UTF8*$!
{
	archiveVersion = 1;
	classes = {
	};
	objectVersion = 50;
	objects = {

/* Begin PBXBuildFile section */
		99977F822306FD5400951175 /* AppDelegate.swift in Sources */ = {isa = PBXBuildFile; fileRef = 99977F812306FD5400951175 /* AppDelegate.swift */; };
		99977F872306FD5400951175 /* Main.storyboard in Resources */ = {isa = PBXBuildFile; fileRef = 99977F852306FD5400951175 /* Main.storyboard */; };
		99977F892306FD5600951175 /* Assets.xcassets in Resources */ = {isa = PBXBuildFile; fileRef = 99977F882306FD5600951175 /* Assets.xcassets */; };
		99977F8C2306FD5600951175 /* LaunchScreen.storyboard in Resources */ = {isa = PBXBuildFile; fileRef = 99977F8A2306FD5600951175 /* LaunchScreen.storyboard */; };
		99977F962306FE0B00951175 /* Movie.swift in Sources */ = {isa = PBXBuildFile; fileRef = 99977F952306FE0B00951175 /* Movie.swift */; };
		99977F9B2307022500951175 /* MovieController.swift in Sources */ = {isa = PBXBuildFile; fileRef = 99977F9A2307022500951175 /* MovieController.swift */; };
		99977F9D2307085900951175 /* MovieClient.swift in Sources */ = {isa = PBXBuildFile; fileRef = 99977F9C2307085800951175 /* MovieClient.swift */; };
		99977FA023070CBC00951175 /* MovieTableViewController.swift in Sources */ = {isa = PBXBuildFile; fileRef = 99977F9F23070CBC00951175 /* MovieTableViewController.swift */; };
		99977FA223070E7E00951175 /* MovieTableViewCell.swift in Sources */ = {isa = PBXBuildFile; fileRef = 99977FA123070E7E00951175 /* MovieTableViewCell.swift */; };
/* End PBXBuildFile section */

/* Begin PBXFileReference section */
		99977F7E2306FD5400951175 /* MovieSearch.app */ = {isa = PBXFileReference; explicitFileType = wrapper.application; includeInIndex = 0; path = MovieSearch.app; sourceTree = BUILT_PRODUCTS_DIR; };
		99977F812306FD5400951175 /* AppDelegate.swift */ = {isa = PBXFileReference; lastKnownFileType = sourcecode.swift; path = AppDelegate.swift; sourceTree = "<group>"; };
		99977F862306FD5400951175 /* Base */ = {isa = PBXFileReference; lastKnownFileType = file.storyboard; name = Base; path = Base.lproj/Main.storyboard; sourceTree = "<group>"; };
		99977F882306FD5600951175 /* Assets.xcassets */ = {isa = PBXFileReference; lastKnownFileType = folder.assetcatalog; path = Assets.xcassets; sourceTree = "<group>"; };
		99977F8B2306FD5600951175 /* Base */ = {isa = PBXFileReference; lastKnownFileType = file.storyboard; name = Base; path = Base.lproj/LaunchScreen.storyboard; sourceTree = "<group>"; };
		99977F8D2306FD5600951175 /* Info.plist */ = {isa = PBXFileReference; lastKnownFileType = text.plist.xml; path = Info.plist; sourceTree = "<group>"; };
		99977F952306FE0B00951175 /* Movie.swift */ = {isa = PBXFileReference; lastKnownFileType = sourcecode.swift; path = Movie.swift; sourceTree = "<group>"; };
		99977F9A2307022500951175 /* MovieController.swift */ = {isa = PBXFileReference; lastKnownFileType = sourcecode.swift; path = MovieController.swift; sourceTree = "<group>"; };
		99977F9C2307085800951175 /* MovieClient.swift */ = {isa = PBXFileReference; lastKnownFileType = sourcecode.swift; path = MovieClient.swift; sourceTree = "<group>"; };
		99977F9F23070CBC00951175 /* MovieTableViewController.swift */ = {isa = PBXFileReference; lastKnownFileType = sourcecode.swift; path = MovieTableViewController.swift; sourceTree = "<group>"; };
		99977FA123070E7E00951175 /* MovieTableViewCell.swift */ = {isa = PBXFileReference; lastKnownFileType = sourcecode.swift; path = MovieTableViewCell.swift; sourceTree = "<group>"; };
/* End PBXFileReference section */

/* Begin PBXFrameworksBuildPhase section */
		99977F7B2306FD5400951175 /* Frameworks */ = {
			isa = PBXFrameworksBuildPhase;
			buildActionMask = 2147483647;
			files = (
			);
			runOnlyForDeploymentPostprocessing = 0;
		};
/* End PBXFrameworksBuildPhase section */

/* Begin PBXGroup section */
		99977F752306FD5400951175 = {
			isa = PBXGroup;
			children = (
				99977F802306FD5400951175 /* MovieSearch */,
				99977F7F2306FD5400951175 /* Products */,
			);
			sourceTree = "<group>";
		};
		99977F7F2306FD5400951175 /* Products */ = {
			isa = PBXGroup;
			children = (
				99977F7E2306FD5400951175 /* MovieSearch.app */,
			);
			name = Products;
			sourceTree = "<group>";
		};
		99977F802306FD5400951175 /* MovieSearch */ = {
			isa = PBXGroup;
			children = (
				99977F9E23070C9600951175 /* View Controllers */,
				99977F992307021500951175 /* Movie Controllers */,
				99977F942306FDF900951175 /* Models */,
				99977F932306FDE700951175 /* Resources */,
				99977F852306FD5400951175 /* Main.storyboard */,
			);
			path = MovieSearch;
			sourceTree = "<group>";
		};
		99977F932306FDE700951175 /* Resources */ = {
			isa = PBXGroup;
			children = (
				99977F812306FD5400951175 /* AppDelegate.swift */,
				99977F882306FD5600951175 /* Assets.xcassets */,
				99977F8A2306FD5600951175 /* LaunchScreen.storyboard */,
				99977F8D2306FD5600951175 /* Info.plist */,
			);
			path = Resources;
			sourceTree = "<group>";
		};
		99977F942306FDF900951175 /* Models */ = {
			isa = PBXGroup;
			children = (
				99977F952306FE0B00951175 /* Movie.swift */,
				99977F9C2307085800951175 /* MovieClient.swift */,
			);
			path = Models;
			sourceTree = "<group>";
		};
		99977F992307021500951175 /* Movie Controllers */ = {
			isa = PBXGroup;
			children = (
				99977F9A2307022500951175 /* MovieController.swift */,
			);
			path = "Movie Controllers";
			sourceTree = "<group>";
		};
		99977F9E23070C9600951175 /* View Controllers */ = {
			isa = PBXGroup;
			children = (
				99977F9F23070CBC00951175 /* MovieTableViewController.swift */,
				99977FA123070E7E00951175 /* MovieTableViewCell.swift */,
			);
			path = "View Controllers";
			sourceTree = "<group>";
		};
/* End PBXGroup section */

/* Begin PBXNativeTarget section */
		99977F7D2306FD5400951175 /* MovieSearch */ = {
			isa = PBXNativeTarget;
			buildConfigurationList = 99977F902306FD5600951175 /* Build configuration list for PBXNativeTarget "MovieSearch" */;
			buildPhases = (
				99977F7A2306FD5400951175 /* Sources */,
				99977F7B2306FD5400951175 /* Frameworks */,
				99977F7C2306FD5400951175 /* Resources */,
			);
			buildRules = (
			);
			dependencies = (
			);
			name = MovieSearch;
			productName = MovieSearch;
			productReference = 99977F7E2306FD5400951175 /* MovieSearch.app */;
			productType = "com.apple.product-type.application";
		};
/* End PBXNativeTarget section */

/* Begin PBXProject section */
		99977F762306FD5400951175 /* Project object */ = {
			isa = PBXProject;
			attributes = {
				LastSwiftUpdateCheck = 1030;
				LastUpgradeCheck = 1030;
				ORGANIZATIONNAME = "Mitch Merrell";
				TargetAttributes = {
					99977F7D2306FD5400951175 = {
						CreatedOnToolsVersion = 10.3;
					};
				};
			};
			buildConfigurationList = 99977F792306FD5400951175 /* Build configuration list for PBXProject "MovieSearch" */;
			compatibilityVersion = "Xcode 9.3";
			developmentRegion = en;
			hasScannedForEncodings = 0;
			knownRegions = (
				en,
				Base,
			);
			mainGroup = 99977F752306FD5400951175;
			productRefGroup = 99977F7F2306FD5400951175 /* Products */;
			projectDirPath = "";
			projectRoot = "";
			targets = (
				99977F7D2306FD5400951175 /* MovieSearch */,
			);
		};
/* End PBXProject section */

/* Begin PBXResourcesBuildPhase section */
		99977F7C2306FD5400951175 /* Resources */ = {
			isa = PBXResourcesBuildPhase;
			buildActionMask = 2147483647;
			files = (
				99977F8C2306FD5600951175 /* LaunchScreen.storyboard in Resources */,
				99977F892306FD5600951175 /* Assets.xcassets in Resources */,
				99977F872306FD5400951175 /* Main.storyboard in Resources */,
			);
			runOnlyForDeploymentPostprocessing = 0;
		};
/* End PBXResourcesBuildPhase section */

/* Begin PBXSourcesBuildPhase section */
		99977F7A2306FD5400951175 /* Sources */ = {
			isa = PBXSourcesBuildPhase;
			buildActionMask = 2147483647;
			files = (
				99977FA023070CBC00951175 /* MovieTableViewController.swift in Sources */,
				99977F9B2307022500951175 /* MovieController.swift in Sources */,
				99977FA223070E7E00951175 /* MovieTableViewCell.swift in Sources */,
				99977F962306FE0B00951175 /* Movie.swift in Sources */,
				99977F822306FD5400951175 /* AppDelegate.swift in Sources */,
				99977F9D2307085900951175 /* MovieClient.swift in Sources */,
			);
			runOnlyForDeploymentPostprocessing = 0;
		};
/* End PBXSourcesBuildPhase section */

/* Begin PBXVariantGroup section */
		99977F852306FD5400951175 /* Main.storyboard */ = {
			isa = PBXVariantGroup;
			children = (
				99977F862306FD5400951175 /* Base */,
			);
			name = Main.storyboard;
			sourceTree = "<group>";
		};
		99977F8A2306FD5600951175 /* LaunchScreen.storyboard */ = {
			isa = PBXVariantGroup;
			children = (
				99977F8B2306FD5600951175 /* Base */,
			);
			name = LaunchScreen.storyboard;
			sourceTree = "<group>";
		};
/* End PBXVariantGroup section */

/* Begin XCBuildConfiguration section */
		99977F8E2306FD5600951175 /* Debug */ = {
			isa = XCBuildConfiguration;
			buildSettings = {
				ALWAYS_SEARCH_USER_PATHS = NO;
				CLANG_ANALYZER_NONNULL = YES;
				CLANG_ANALYZER_NUMBER_OBJECT_CONVERSION = YES_AGGRESSIVE;
				CLANG_CXX_LANGUAGE_STANDARD = "gnu++14";
				CLANG_CXX_LIBRARY = "libc++";
				CLANG_ENABLE_MODULES = YES;
				CLANG_ENABLE_OBJC_ARC = YES;
				CLANG_ENABLE_OBJC_WEAK = YES;
				CLANG_WARN_BLOCK_CAPTURE_AUTORELEASING = YES;
				CLANG_WARN_BOOL_CONVERSION = YES;
				CLANG_WARN_COMMA = YES;
				CLANG_WARN_CONSTANT_CONVERSION = YES;
				CLANG_WARN_DEPRECATED_OBJC_IMPLEMENTATIONS = YES;
				CLANG_WARN_DIRECT_OBJC_ISA_USAGE = YES_ERROR;
				CLANG_WARN_DOCUMENTATION_COMMENTS = YES;
				CLANG_WARN_EMPTY_BODY = YES;
				CLANG_WARN_ENUM_CONVERSION = YES;
				CLANG_WARN_INFINITE_RECURSION = YES;
				CLANG_WARN_INT_CONVERSION = YES;
				CLANG_WARN_NON_LITERAL_NULL_CONVERSION = YES;
				CLANG_WARN_OBJC_IMPLICIT_RETAIN_SELF = YES;
				CLANG_WARN_OBJC_LITERAL_CONVERSION = YES;
				CLANG_WARN_OBJC_ROOT_CLASS = YES_ERROR;
				CLANG_WARN_RANGE_LOOP_ANALYSIS = YES;
				CLANG_WARN_STRICT_PROTOTYPES = YES;
				CLANG_WARN_SUSPICIOUS_MOVE = YES;
				CLANG_WARN_UNGUARDED_AVAILABILITY = YES_AGGRESSIVE;
				CLANG_WARN_UNREACHABLE_CODE = YES;
				CLANG_WARN__DUPLICATE_METHOD_MATCH = YES;
				CODE_SIGN_IDENTITY = "iPhone Developer";
				COPY_PHASE_STRIP = NO;
				DEBUG_INFORMATION_FORMAT = dwarf;
				ENABLE_STRICT_OBJC_MSGSEND = YES;
				ENABLE_TESTABILITY = YES;
				GCC_C_LANGUAGE_STANDARD = gnu11;
				GCC_DYNAMIC_NO_PIC = NO;
				GCC_NO_COMMON_BLOCKS = YES;
				GCC_OPTIMIZATION_LEVEL = 0;
				GCC_PREPROCESSOR_DEFINITIONS = (
					"DEBUG=1",
					"$(inherited)",
				);
				GCC_WARN_64_TO_32_BIT_CONVERSION = YES;
				GCC_WARN_ABOUT_RETURN_TYPE = YES_ERROR;
				GCC_WARN_UNDECLARED_SELECTOR = YES;
				GCC_WARN_UNINITIALIZED_AUTOS = YES_AGGRESSIVE;
				GCC_WARN_UNUSED_FUNCTION = YES;
				GCC_WARN_UNUSED_VARIABLE = YES;
				IPHONEOS_DEPLOYMENT_TARGET = 12.4;
				MTL_ENABLE_DEBUG_INFO = INCLUDE_SOURCE;
				MTL_FAST_MATH = YES;
				ONLY_ACTIVE_ARCH = YES;
				SDKROOT = iphoneos;
				SWIFT_ACTIVE_COMPILATION_CONDITIONS = DEBUG;
				SWIFT_OPTIMIZATION_LEVEL = "-Onone";
			};
			name = Debug;
		};
		99977F8F2306FD5600951175 /* Release */ = {
			isa = XCBuildConfiguration;
			buildSettings = {
				ALWAYS_SEARCH_USER_PATHS = NO;
				CLANG_ANALYZER_NONNULL = YES;
				CLANG_ANALYZER_NUMBER_OBJECT_CONVERSION = YES_AGGRESSIVE;
				CLANG_CXX_LANGUAGE_STANDARD = "gnu++14";
				CLANG_CXX_LIBRARY = "libc++";
				CLANG_ENABLE_MODULES = YES;
				CLANG_ENABLE_OBJC_ARC = YES;
				CLANG_ENABLE_OBJC_WEAK = YES;
				CLANG_WARN_BLOCK_CAPTURE_AUTORELEASING = YES;
				CLANG_WARN_BOOL_CONVERSION = YES;
				CLANG_WARN_COMMA = YES;
				CLANG_WARN_CONSTANT_CONVERSION = YES;
				CLANG_WARN_DEPRECATED_OBJC_IMPLEMENTATIONS = YES;
				CLANG_WARN_DIRECT_OBJC_ISA_USAGE = YES_ERROR;
				CLANG_WARN_DOCUMENTATION_COMMENTS = YES;
				CLANG_WARN_EMPTY_BODY = YES;
				CLANG_WARN_ENUM_CONVERSION = YES;
				CLANG_WARN_INFINITE_RECURSION = YES;
				CLANG_WARN_INT_CONVERSION = YES;
				CLANG_WARN_NON_LITERAL_NULL_CONVERSION = YES;
				CLANG_WARN_OBJC_IMPLICIT_RETAIN_SELF = YES;
				CLANG_WARN_OBJC_LITERAL_CONVERSION = YES;
				CLANG_WARN_OBJC_ROOT_CLASS = YES_ERROR;
				CLANG_WARN_RANGE_LOOP_ANALYSIS = YES;
				CLANG_WARN_STRICT_PROTOTYPES = YES;
				CLANG_WARN_SUSPICIOUS_MOVE = YES;
				CLANG_WARN_UNGUARDED_AVAILABILITY = YES_AGGRESSIVE;
				CLANG_WARN_UNREACHABLE_CODE = YES;
				CLANG_WARN__DUPLICATE_METHOD_MATCH = YES;
				CODE_SIGN_IDENTITY = "iPhone Developer";
				COPY_PHASE_STRIP = NO;
				DEBUG_INFORMATION_FORMAT = "dwarf-with-dsym";
				ENABLE_NS_ASSERTIONS = NO;
				ENABLE_STRICT_OBJC_MSGSEND = YES;
				GCC_C_LANGUAGE_STANDARD = gnu11;
				GCC_NO_COMMON_BLOCKS = YES;
				GCC_WARN_64_TO_32_BIT_CONVERSION = YES;
				GCC_WARN_ABOUT_RETURN_TYPE = YES_ERROR;
				GCC_WARN_UNDECLARED_SELECTOR = YES;
				GCC_WARN_UNINITIALIZED_AUTOS = YES_AGGRESSIVE;
				GCC_WARN_UNUSED_FUNCTION = YES;
				GCC_WARN_UNUSED_VARIABLE = YES;
				IPHONEOS_DEPLOYMENT_TARGET = 12.4;
				MTL_ENABLE_DEBUG_INFO = NO;
				MTL_FAST_MATH = YES;
				SDKROOT = iphoneos;
				SWIFT_COMPILATION_MODE = wholemodule;
				SWIFT_OPTIMIZATION_LEVEL = "-O";
				VALIDATE_PRODUCT = YES;
			};
			name = Release;
		};
		99977F912306FD5600951175 /* Debug */ = {
			isa = XCBuildConfiguration;
			buildSettings = {
				ASSETCATALOG_COMPILER_APPICON_NAME = AppIcon;
				CODE_SIGN_STYLE = Automatic;
				INFOPLIST_FILE = "$(SRCROOT)/MovieSearch/Resources/Info.plist";
				LD_RUNPATH_SEARCH_PATHS = (
					"$(inherited)",
					"@executable_path/Frameworks",
				);
				PRODUCT_BUNDLE_IDENTIFIER = com.mitchmerrell.MovieSearch;
				PRODUCT_NAME = "$(TARGET_NAME)";
				SWIFT_VERSION = 5.0;
				TARGETED_DEVICE_FAMILY = "1,2";
			};
			name = Debug;
		};
		99977F922306FD5600951175 /* Release */ = {
			isa = XCBuildConfiguration;
			buildSettings = {
				ASSETCATALOG_COMPILER_APPICON_NAME = AppIcon;
				CODE_SIGN_STYLE = Automatic;
				INFOPLIST_FILE = "$(SRCROOT)/MovieSearch/Resources/Info.plist";
				LD_RUNPATH_SEARCH_PATHS = (
					"$(inherited)",
					"@executable_path/Frameworks",
				);
				PRODUCT_BUNDLE_IDENTIFIER = com.mitchmerrell.MovieSearch;
				PRODUCT_NAME = "$(TARGET_NAME)";
				SWIFT_VERSION = 5.0;
				TARGETED_DEVICE_FAMILY = "1,2";
			};
			name = Release;
		};
/* End XCBuildConfiguration section */

/* Begin XCConfigurationList section */
		99977F792306FD5400951175 /* Build configuration list for PBXProject "MovieSearch" */ = {
			isa = XCConfigurationList;
			buildConfigurations = (
				99977F8E2306FD5600951175 /* Debug */,
				99977F8F2306FD5600951175 /* Release */,
			);
			defaultConfigurationIsVisible = 0;
			defaultConfigurationName = Release;
		};
		99977F902306FD5600951175 /* Build configuration list for PBXNativeTarget "MovieSearch" */ = {
			isa = XCConfigurationList;
			buildConfigurations = (
				99977F912306FD5600951175 /* Debug */,
				99977F922306FD5600951175 /* Release */,
			);
			defaultConfigurationIsVisible = 0;
			defaultConfigurationName = Release;
		};
/* End XCConfigurationList section */
	};
	rootObject = 99977F762306FD5400951175 /* Project object */;
}
